
Microsoft Visual Studio Solution File, Format Version 12.00
# Visual Studio Version 16
VisualStudioVersion = 16.0.30621.155
MinimumVisualStudioVersion = 10.0.40219.1
Project("{9A19103F-16F7-4668-BE54-9A1E7A4F7556}") = "Smartcrop", "SmartCrop\Smartcrop.csproj", "{517ED5A9-5200-452B-8C23-2807C4E0AD3D}"
EndProject
Project("{FAE04EC0-301F-11D3-BF4B-00C04F79EFBC}") = "Smartcrop.Sample.Wpf", "Smartcrop.Sample.Wpf\Smartcrop.Sample.Wpf.csproj", "{11E8016C-8CE8-417F-8940-AC08A7627F5F}"
EndProject
Project("{FAE04EC0-301F-11D3-BF4B-00C04F79EFBC}") = "DemoDetectFaces", "DemoDetectFaces\DemoDetectFaces.csproj", "{07B91C32-7622-4DA5-9DEB-51A128074A77}"
EndProject
Project("{FAE04EC0-301F-11D3-BF4B-00C04F79EFBC}") = "smartcropper", "smartcropper\smartcropper.csproj", "{2514BF8E-1A0B-4C3D-A2F3-4D8E5D8A75A7}"
EndProject
Global
	GlobalSection(SolutionConfigurationPlatforms) = preSolution
		Debug|Any CPU = Debug|Any CPU
		Debug|x64 = Debug|x64
		Release|Any CPU = Release|Any CPU
		Release|x64 = Release|x64
	EndGlobalSection
	GlobalSection(ProjectConfigurationPlatforms) = postSolution
		{517ED5A9-5200-452B-8C23-2807C4E0AD3D}.Debug|Any CPU.ActiveCfg = Debug|Any CPU
		{517ED5A9-5200-452B-8C23-2807C4E0AD3D}.Debug|Any CPU.Build.0 = Debug|Any CPU
		{517ED5A9-5200-452B-8C23-2807C4E0AD3D}.Debug|x64.ActiveCfg = Debug|x64
		{517ED5A9-5200-452B-8C23-2807C4E0AD3D}.Debug|x64.Build.0 = Debug|x64
		{517ED5A9-5200-452B-8C23-2807C4E0AD3D}.Release|Any CPU.ActiveCfg = Release|Any CPU
		{517ED5A9-5200-452B-8C23-2807C4E0AD3D}.Release|Any CPU.Build.0 = Release|Any CPU
		{517ED5A9-5200-452B-8C23-2807C4E0AD3D}.Release|x64.ActiveCfg = Release|x64
		{517ED5A9-5200-452B-8C23-2807C4E0AD3D}.Release|x64.Build.0 = Release|x64
		{11E8016C-8CE8-417F-8940-AC08A7627F5F}.Debug|Any CPU.ActiveCfg = Debug|Any CPU
		{11E8016C-8CE8-417F-8940-AC08A7627F5F}.Debug|Any CPU.Build.0 = Debug|Any CPU
		{11E8016C-8CE8-417F-8940-AC08A7627F5F}.Debug|x64.ActiveCfg = Debug|x64
		{11E8016C-8CE8-417F-8940-AC08A7627F5F}.Debug|x64.Build.0 = Debug|x64
		{11E8016C-8CE8-417F-8940-AC08A7627F5F}.Release|Any CPU.ActiveCfg = Release|Any CPU
		{11E8016C-8CE8-417F-8940-AC08A7627F5F}.Release|Any CPU.Build.0 = Release|Any CPU
		{11E8016C-8CE8-417F-8940-AC08A7627F5F}.Release|x64.ActiveCfg = Release|x64
		{11E8016C-8CE8-417F-8940-AC08A7627F5F}.Release|x64.Build.0 = Release|x64
		{07B91C32-7622-4DA5-9DEB-51A128074A77}.Debug|Any CPU.ActiveCfg = Debug|Any CPU
		{07B91C32-7622-4DA5-9DEB-51A128074A77}.Debug|Any CPU.Build.0 = Debug|Any CPU
		{07B91C32-7622-4DA5-9DEB-51A128074A77}.Debug|x64.ActiveCfg = Debug|x64
		{07B91C32-7622-4DA5-9DEB-51A128074A77}.Debug|x64.Build.0 = Debug|x64
		{07B91C32-7622-4DA5-9DEB-51A128074A77}.Release|Any CPU.ActiveCfg = Release|Any CPU
		{07B91C32-7622-4DA5-9DEB-51A128074A77}.Release|Any CPU.Build.0 = Release|Any CPU
		{07B91C32-7622-4DA5-9DEB-51A128074A77}.Release|x64.ActiveCfg = Release|x64
		{07B91C32-7622-4DA5-9DEB-51A128074A77}.Release|x64.Build.0 = Release|x64
		{2514BF8E-1A0B-4C3D-A2F3-4D8E5D8A75A7}.Debug|Any CPU.ActiveCfg = Debug|Any CPU
		{2514BF8E-1A0B-4C3D-A2F3-4D8E5D8A75A7}.Debug|Any CPU.Build.0 = Debug|Any CPU
		{2514BF8E-1A0B-4C3D-A2F3-4D8E5D8A75A7}.Debug|x64.ActiveCfg = Debug|Any CPU
		{2514BF8E-1A0B-4C3D-A2F3-4D8E5D8A75A7}.Debug|x64.Build.0 = Debug|Any CPU
		{2514BF8E-1A0B-4C3D-A2F3-4D8E5D8A75A7}.Release|Any CPU.ActiveCfg = Release|Any CPU
		{2514BF8E-1A0B-4C3D-A2F3-4D8E5D8A75A7}.Release|Any CPU.Build.0 = Release|Any CPU
		{2514BF8E-1A0B-4C3D-A2F3-4D8E5D8A75A7}.Release|x64.ActiveCfg = Release|Any CPU
		{2514BF8E-1A0B-4C3D-A2F3-4D8E5D8A75A7}.Release|x64.Build.0 = Release|Any CPU
	EndGlobalSection
	GlobalSection(SolutionProperties) = preSolution
		HideSolutionNode = FALSE
	EndGlobalSection
	GlobalSection(ExtensibilityGlobals) = postSolution
		SolutionGuid = {7275D2AE-3520-4EEC-A727-85CFD1E3D4ED}
	EndGlobalSection
EndGlobal
